<?xml version="1.0" encoding="UTF-8" standalone="yes" ?>
<CodeBlocks_project_file>
	<FileVersion major="1" minor="6" />
	<Project>
		<Option title="Demo" />
		<Option pch_mode="2" />
		<Option compiler="gcc" />
		<Build>
			<Target title="Debug">
				<Option output="bin/Debug/Demo" prefix_auto="1" extension_auto="1" />
				<Option object_output="obj/Debug/" />
				<Option type="1" />
				<Option compiler="gcc" />
				<Compiler>
					<Add option="-g" />
				</Compiler>
			</Target>
			<Target title="Release">
				<Option output="bin/Release/Demo" prefix_auto="1" extension_auto="1" />
				<Option object_output="obj/Release/" />
				<Option type="1" />
				<Option compiler="gcc" />
				<Compiler>
					<Add option="-O2" />
				</Compiler>
				<Linker>
					<Add option="-s" />
				</Linker>
			</Target>
		</Build>
		<Compiler>
			<Add option="-Wall" />
			<Add option="-fexceptions" />
		</Compiler>
		<Unit filename="Classes/AnimatedButton.cpp" />
		<Unit filename="Classes/AnimatedButton.h" />
		<Unit filename="Classes/AnimatedButtonAnimations.cpp" />
		<Unit filename="Classes/ExtraFunctions.cpp" />
		<Unit filename="Classes/ExtraFunctions.h" />
		<Unit filename="Classes/InteractiveObject.cpp" />
		<Unit filename="Classes/InteractiveObject.h" />
		<Unit filename="Classes/InteractiveObjectAnimations.cpp" />
		<Unit filename="Classes/Menu.cpp" />
		<Unit filename="Classes/Menu.h" />
		<Unit filename="Classes/MenuAnimations.cpp" />
		<Unit filename="Classes/SidebarMenu.cpp" />
		<Unit filename="Classes/SidebarMenu.h" />
		<Unit filename="Classes/SidebarMenuAnimations.cpp" />
		<Unit filename="Classes/TextEdit.cpp" />
		<Unit filename="Classes/TextEdit.h" />
		<Unit filename="Classes/TextMemo.cpp" />
		<Unit filename="Classes/TextMemo.h" />
		<Unit filename="main.cpp" />
		<Extensions>
			<code_completion />
			<envvars />
			<debugger />
		</Extensions>
	</Project>
</CodeBlocks_project_file>
